
Microsoft Visual Studio Solution File, Format Version 12.00
# Visual Studio Version 17
VisualStudioVersion = 17.6.33513.286
MinimumVisualStudioVersion = 10.0.40219.1
Project("{2150E333-8FDC-42A3-9474-1A3956D46DE8}") = "src", "src", "{13B47422-EDF4-48D0-A494-BFA51DA2872C}"
EndProject
Project("{2150E333-8FDC-42A3-9474-1A3956D46DE8}") = "ModelViewPresenter", "ModelViewPresenter", "{5155182D-2327-4B17-913D-E99D6056FC00}"
EndProject
Project("{9A19103F-16F7-4668-BE54-9A1E7A4F7556}") = "TicTacToe", "src\ModelViewPresentationPresentationModel\TicTacToe\TicTacToe.csproj", "{C8E8AF65-F5D4-4AC5-916B-B9C4B8A47516}"
EndProject
Project("{FAE04EC0-301F-11D3-BF4B-00C04F79EFBC}") = "TicTacToe.GameViews", "src\ModelViewPresentationPresentationModel\TicTacToe.GameViews\TicTacToe.GameViews.csproj", "{BF772985-41DF-4DAA-BAB2-1472F1E12081}"
EndProject
Project("{FAE04EC0-301F-11D3-BF4B-00C04F79EFBC}") = "TicTacToe.Controllers", "src\ModelViewPresentationPresentationModel\TicTacToe.Controllers\TicTacToe.Controllers.csproj", "{057810A0-5B30-4A5F-987D-6F491CF90FC4}"
EndProject
Project("{FAE04EC0-301F-11D3-BF4B-00C04F79EFBC}") = "TicTacToe.Models", "src\ModelViewPresentationPresentationModel\TicTacToe.Models\TicTacToe.Models.csproj", "{2C836B7A-3944-4666-8E20-9004FC847C96}"
EndProject
Project("{FAE04EC0-301F-11D3-BF4B-00C04F79EFBC}") = "TicTacToe.Types", "src\ModelViewPresentationPresentationModel\TicTacToe.Types\TicTacToe.Types.csproj", "{5CB97A26-2731-4AEE-ADC7-9AF77386D121}"
EndProject
Project("{FAE04EC0-301F-11D3-BF4B-00C04F79EFBC}") = "TicTacToe.ConsoleApp", "src\ModelViewPresentationPresentationModel\TicTacToe.ConsoleApp\TicTacToe.ConsoleApp.csproj", "{71111055-E78F-42DA-B6C2-CA91BF9C259A}"
EndProject
Project("{FAE04EC0-301F-11D3-BF4B-00C04F79EFBC}") = "TicTacToe.WinFormApp", "src\ModelViewPresentationPresentationModel\TicTacToe.WinFormApp\TicTacToe.WinFormApp.csproj", "{7E8C63E9-0B3E-477A-8E67-466E37CB52A3}"
EndProject
Global
	GlobalSection(SolutionConfigurationPlatforms) = preSolution
		Debug|Any CPU = Debug|Any CPU
		Release|Any CPU = Release|Any CPU
	EndGlobalSection
	GlobalSection(ProjectConfigurationPlatforms) = postSolution
		{C8E8AF65-F5D4-4AC5-916B-B9C4B8A47516}.Debug|Any CPU.ActiveCfg = Debug|Any CPU
		{C8E8AF65-F5D4-4AC5-916B-B9C4B8A47516}.Debug|Any CPU.Build.0 = Debug|Any CPU
		{C8E8AF65-F5D4-4AC5-916B-B9C4B8A47516}.Release|Any CPU.ActiveCfg = Release|Any CPU
		{C8E8AF65-F5D4-4AC5-916B-B9C4B8A47516}.Release|Any CPU.Build.0 = Release|Any CPU
		{BF772985-41DF-4DAA-BAB2-1472F1E12081}.Debug|Any CPU.ActiveCfg = Debug|Any CPU
		{BF772985-41DF-4DAA-BAB2-1472F1E12081}.Debug|Any CPU.Build.0 = Debug|Any CPU
		{BF772985-41DF-4DAA-BAB2-1472F1E12081}.Release|Any CPU.ActiveCfg = Release|Any CPU
		{BF772985-41DF-4DAA-BAB2-1472F1E12081}.Release|Any CPU.Build.0 = Release|Any CPU
		{057810A0-5B30-4A5F-987D-6F491CF90FC4}.Debug|Any CPU.ActiveCfg = Debug|Any CPU
		{057810A0-5B30-4A5F-987D-6F491CF90FC4}.Debug|Any CPU.Build.0 = Debug|Any CPU
		{057810A0-5B30-4A5F-987D-6F491CF90FC4}.Release|Any CPU.ActiveCfg = Release|Any CPU
		{057810A0-5B30-4A5F-987D-6F491CF90FC4}.Release|Any CPU.Build.0 = Release|Any CPU
		{2C836B7A-3944-4666-8E20-9004FC847C96}.Debug|Any CPU.ActiveCfg = Debug|Any CPU
		{2C836B7A-3944-4666-8E20-9004FC847C96}.Debug|Any CPU.Build.0 = Debug|Any CPU
		{2C836B7A-3944-4666-8E20-9004FC847C96}.Release|Any CPU.ActiveCfg = Release|Any CPU
		{2C836B7A-3944-4666-8E20-9004FC847C96}.Release|Any CPU.Build.0 = Release|Any CPU
		{5CB97A26-2731-4AEE-ADC7-9AF77386D121}.Debug|Any CPU.ActiveCfg = Debug|Any CPU
		{5CB97A26-2731-4AEE-ADC7-9AF77386D121}.Debug|Any CPU.Build.0 = Debug|Any CPU
		{5CB97A26-2731-4AEE-ADC7-9AF77386D121}.Release|Any CPU.ActiveCfg = Release|Any CPU
		{5CB97A26-2731-4AEE-ADC7-9AF77386D121}.Release|Any CPU.Build.0 = Release|Any CPU
		{71111055-E78F-42DA-B6C2-CA91BF9C259A}.Debug|Any CPU.ActiveCfg = Debug|Any CPU
		{71111055-E78F-42DA-B6C2-CA91BF9C259A}.Debug|Any CPU.Build.0 = Debug|Any CPU
		{71111055-E78F-42DA-B6C2-CA91BF9C259A}.Release|Any CPU.ActiveCfg = Release|Any CPU
		{71111055-E78F-42DA-B6C2-CA91BF9C259A}.Release|Any CPU.Build.0 = Release|Any CPU
		{7E8C63E9-0B3E-477A-8E67-466E37CB52A3}.Debug|Any CPU.ActiveCfg = Debug|Any CPU
		{7E8C63E9-0B3E-477A-8E67-466E37CB52A3}.Debug|Any CPU.Build.0 = Debug|Any CPU
		{7E8C63E9-0B3E-477A-8E67-466E37CB52A3}.Release|Any CPU.ActiveCfg = Release|Any CPU
		{7E8C63E9-0B3E-477A-8E67-466E37CB52A3}.Release|Any CPU.Build.0 = Release|Any CPU
	EndGlobalSection
	GlobalSection(SolutionProperties) = preSolution
		HideSolutionNode = FALSE
	EndGlobalSection
	GlobalSection(NestedProjects) = preSolution
		{5155182D-2327-4B17-913D-E99D6056FC00} = {13B47422-EDF4-48D0-A494-BFA51DA2872C}
		{C8E8AF65-F5D4-4AC5-916B-B9C4B8A47516} = {5155182D-2327-4B17-913D-E99D6056FC00}
		{BF772985-41DF-4DAA-BAB2-1472F1E12081} = {5155182D-2327-4B17-913D-E99D6056FC00}
		{057810A0-5B30-4A5F-987D-6F491CF90FC4} = {5155182D-2327-4B17-913D-E99D6056FC00}
		{2C836B7A-3944-4666-8E20-9004FC847C96} = {5155182D-2327-4B17-913D-E99D6056FC00}
		{5CB97A26-2731-4AEE-ADC7-9AF77386D121} = {5155182D-2327-4B17-913D-E99D6056FC00}
		{71111055-E78F-42DA-B6C2-CA91BF9C259A} = {5155182D-2327-4B17-913D-E99D6056FC00}
		{7E8C63E9-0B3E-477A-8E67-466E37CB52A3} = {5155182D-2327-4B17-913D-E99D6056FC00}
	EndGlobalSection
	GlobalSection(ExtensibilityGlobals) = postSolution
		SolutionGuid = {2663C275-E7A7-4337-BF55-963A8C6715AE}
	EndGlobalSection
EndGlobal
